<?xml version="1.0" encoding="utf-8"?>
<Project ToolsVersion="4.0" xmlns="http://schemas.microsoft.com/developer/msbuild/2003">
  <ItemGroup>
    <Filter Include="Source Files">
      <UniqueIdentifier>{4FC737F1-C7A5-4376-A066-2A32D752A2FF}</UniqueIdentifier>
      <Extensions>cpp;c;cc;cxx;def;odl;idl;hpj;bat;asm;asmx</Extensions>
    </Filter>
    <Filter Include="Header Files">
      <UniqueIdentifier>{93995380-89BD-4b04-88EB-625FBE52EBFB}</UniqueIdentifier>
      <Extensions>h;hh;hpp;hxx;hm;inl;inc;xsd</Extensions>
    </Filter>
    <Filter Include="Resource Files">
      <UniqueIdentifier>{67DA6AB6-F800-4c08-8B7A-83BB121AAD01}</UniqueIdentifier>
      <Extensions>rc;ico;cur;bmp;dlg;rc2;rct;bin;rgs;gif;jpg;jpeg;jpe;resx;tiff;tif;png;wav;mfcribbon-ms</Extensions>
    </Filter>
    <Filter Include="ast">
      <UniqueIdentifier>{79b10e61-0205-4b33-9c1a-0b88a4a584ce}</UniqueIdentifier>
    </Filter>
    <Filter Include="IRTree">
      <UniqueIdentifier>{1a77ff37-733c-4598-8ba2-4d1e168e745a}</UniqueIdentifier>
    </Filter>
    <Filter Include="bizon and lexer">
      <UniqueIdentifier>{4970a4c2-fd95-4475-b8d8-67358ffdc17f}</UniqueIdentifier>
    </Filter>
    <Filter Include="CodeGeneration">
      <UniqueIdentifier>{82609177-0876-4ed5-a5bf-a62b0bfc280c}</UniqueIdentifier>
    </Filter>
  </ItemGroup>
  <ItemGroup>
    <ClCompile Include="main.cpp">
      <Filter>Source Files</Filter>
    </ClCompile>
    <ClCompile Include="Visitor.cpp">
      <Filter>Source Files</Filter>
    </ClCompile>
    <ClCompile Include="PrettyPrinter.cpp">
      <Filter>ast</Filter>
    </ClCompile>
    <ClCompile Include="IRBuilder.cpp">
      <Filter>IRTree</Filter>
    </ClCompile>
    <ClCompile Include="parser.tab.cpp">
      <Filter>bizon and lexer</Filter>
    </ClCompile>
    <ClCompile Include="lexer.cpp">
      <Filter>bizon and lexer</Filter>
    </ClCompile>
    <ClCompile Include="IRFrame.h">
      <Filter>IRTree</Filter>
    </ClCompile>
    <ClCompile Include="IRVisitor.cpp">
      <Filter>IRTree</Filter>
    </ClCompile>
    <ClCompile Include="Graph.cpp">
      <Filter>IRTree</Filter>
    </ClCompile>
    <ClCompile Include="IRTemp.cpp">
      <Filter>IRTree</Filter>
    </ClCompile>
    <ClCompile Include="IRCanonisation.cpp">
      <Filter>IRTree</Filter>
    </ClCompile>
  </ItemGroup>
  <ItemGroup>
    <CustomBuild Include="parser.y" />
    <CustomBuild Include="lexer.l">
      <Filter>bizon and lexer</Filter>
    </CustomBuild>
  </ItemGroup>
  <ItemGroup>
    <ClInclude Include="Visitor.h">
      <Filter>Header Files</Filter>
    </ClInclude>
    <ClInclude Include="CTypes.h">
      <Filter>ast</Filter>
    </ClInclude>
    <ClInclude Include="CTypeChecker.h">
      <Filter>ast</Filter>
    </ClInclude>
    <ClInclude Include="CSymbolTable.h">
      <Filter>ast</Filter>
    </ClInclude>
    <ClInclude Include="PrettyPrinter.h">
      <Filter>ast</Filter>
    </ClInclude>
    <ClInclude Include="IRStm.h">
      <Filter>IRTree</Filter>
    </ClInclude>
    <ClInclude Include="IRExp.h">
      <Filter>IRTree</Filter>
    </ClInclude>
    <ClInclude Include="IRBuilder.h">
      <Filter>IRTree</Filter>
    </ClInclude>
    <ClInclude Include="parser.tab.hpp">
      <Filter>bizon and lexer</Filter>
    </ClInclude>
    <ClInclude Include="IRTemp.h">
      <Filter>IRTree</Filter>
    </ClInclude>
    <ClInclude Include="IRVisitor.h">
      <Filter>IRTree</Filter>
    </ClInclude>
    <ClInclude Include="Graph.h">
      <Filter>IRTree</Filter>
    </ClInclude>
    <ClInclude Include="IRForest.h">
      <Filter>IRTree</Filter>
    </ClInclude>
    <ClInclude Include="IRCanonisation.h">
      <Filter>IRTree</Filter>
    </ClInclude>
    <ClInclude Include="CodeGenerator.h">
      <Filter>CodeGeneration</Filter>
    </ClInclude>
  </ItemGroup>
</Project>